Microsoft Visual Studio Solution File, Format Version 12.00
# Visual Studio Version 17
VisualStudioVersion = 17.5.2.0
MinimumVisualStudioVersion = 10.0.40219.1
Project("{FAE04EC0-301F-11D3-BF4B-00C04F79EFBC}") = "wRoM", "wRoM.csproj", "{42F0FC30-4F66-D399-BCC6-B7AA2A5C3599}"
EndProject
Global
	GlobalSection(SolutionConfigurationPlatforms) = preSolution
		Debug|Any CPU = Debug|Any CPU
		Release|Any CPU = Release|Any CPU
	EndGlobalSection
	GlobalSection(ProjectConfigurationPlatforms) = postSolution
		{42F0FC30-4F66-D399-BCC6-B7AA2A5C3599}.Debug|Any CPU.ActiveCfg = Debug|Any CPU
		{42F0FC30-4F66-D399-BCC6-B7AA2A5C3599}.Debug|Any CPU.Build.0 = Debug|Any CPU
		{42F0FC30-4F66-D399-BCC6-B7AA2A5C3599}.Release|Any CPU.ActiveCfg = Release|Any CPU
		{42F0FC30-4F66-D399-BCC6-B7AA2A5C3599}.Release|Any CPU.Build.0 = Release|Any CPU
	EndGlobalSection
	GlobalSection(SolutionProperties) = preSolution
		HideSolutionNode = FALSE
	EndGlobalSection
	GlobalSection(ExtensibilityGlobals) = postSolution
		SolutionGuid = {738B6401-E9F1-45CF-AEE3-652AC1E03445}
	EndGlobalSection
EndGlobal
